Microsoft Visual Studio Solution File, Format Version 12.00
# Visual Studio Version 17
VisualStudioVersion = 17.5.2.0
MinimumVisualStudioVersion = 10.0.40219.1
Project("{FAE04EC0-301F-11D3-BF4B-00C04F79EFBC}") = "Case_1_2", "Case_1_2.csproj", "{BF618142-7831-6B03-DAD1-3688FAA2FF08}"
EndProject
Global
	GlobalSection(SolutionConfigurationPlatforms) = preSolution
		Debug|Any CPU = Debug|Any CPU
		Release|Any CPU = Release|Any CPU
	EndGlobalSection
	GlobalSection(ProjectConfigurationPlatforms) = postSolution
		{BF618142-7831-6B03-DAD1-3688FAA2FF08}.Debug|Any CPU.ActiveCfg = Debug|Any CPU
		{BF618142-7831-6B03-DAD1-3688FAA2FF08}.Debug|Any CPU.Build.0 = Debug|Any CPU
		{BF618142-7831-6B03-DAD1-3688FAA2FF08}.Release|Any CPU.ActiveCfg = Release|Any CPU
		{BF618142-7831-6B03-DAD1-3688FAA2FF08}.Release|Any CPU.Build.0 = Release|Any CPU
	EndGlobalSection
	GlobalSection(SolutionProperties) = preSolution
		HideSolutionNode = FALSE
	EndGlobalSection
	GlobalSection(ExtensibilityGlobals) = postSolution
		SolutionGuid = {EF568601-C145-4D0B-8278-5104DE3C6FEA}
	EndGlobalSection
EndGlobal
